// !$*UTF8*$!
{
	archiveVersion = 1;
	classes = {
	};
	objectVersion = 56;
	objects = {

/* Begin PBXBuildFile section */
		C908AC282B2F640000894733 /* AddressModel.swift in Sources */ = {isa = PBXBuildFile; fileRef = C908AC272B2F640000894733 /* AddressModel.swift */; };
		C908AC2A2B2F642000894733 /* GeoModel.swift in Sources */ = {isa = PBXBuildFile; fileRef = C908AC292B2F642000894733 /* GeoModel.swift */; };
		C908AC2C2B2F643700894733 /* CompanyModel.swift in Sources */ = {isa = PBXBuildFile; fileRef = C908AC2B2B2F643700894733 /* CompanyModel.swift */; };
		C908AC2E2B2F66BF00894733 /* UsersModel.swift in Sources */ = {isa = PBXBuildFile; fileRef = C908AC2D2B2F66BF00894733 /* UsersModel.swift */; };
		C912E99B2B12118100438C16 /* UsersAppSwiftUIApp.swift in Sources */ = {isa = PBXBuildFile; fileRef = C912E99A2B12118100438C16 /* UsersAppSwiftUIApp.swift */; };
		C912E99F2B12118300438C16 /* Assets.xcassets in Resources */ = {isa = PBXBuildFile; fileRef = C912E99E2B12118300438C16 /* Assets.xcassets */; };
		C912E9A22B12118300438C16 /* Preview Assets.xcassets in Resources */ = {isa = PBXBuildFile; fileRef = C912E9A12B12118300438C16 /* Preview Assets.xcassets */; };
		C912E9AA2B1227E400438C16 /* UsersView.swift in Sources */ = {isa = PBXBuildFile; fileRef = C912E9A92B1227E400438C16 /* UsersView.swift */; };
		C961967B2B2639E7001C6053 /* GradientViewBackground.swift in Sources */ = {isa = PBXBuildFile; fileRef = C96196782B2639E7001C6053 /* GradientViewBackground.swift */; };
		C961967C2B2639E7001C6053 /* Extensions.swift in Sources */ = {isa = PBXBuildFile; fileRef = C96196792B2639E7001C6053 /* Extensions.swift */; };
		C961967D2B2639E7001C6053 /* BackButton.swift in Sources */ = {isa = PBXBuildFile; fileRef = C961967A2B2639E7001C6053 /* BackButton.swift */; };
		C96196812B2639FB001C6053 /* AddressView.swift in Sources */ = {isa = PBXBuildFile; fileRef = C961967E2B2639FB001C6053 /* AddressView.swift */; };
		C96196822B2639FB001C6053 /* UserDetailView.swift in Sources */ = {isa = PBXBuildFile; fileRef = C961967F2B2639FB001C6053 /* UserDetailView.swift */; };
		C96196832B2639FB001C6053 /* CompanyView.swift in Sources */ = {isa = PBXBuildFile; fileRef = C96196802B2639FB001C6053 /* CompanyView.swift */; };
		C9A7AC3A2B24E728007AAA48 /* Address.swift in Sources */ = {isa = PBXBuildFile; fileRef = C9A7AC392B24E728007AAA48 /* Address.swift */; };
		C9A7AC3C2B24E742007AAA48 /* Geo.swift in Sources */ = {isa = PBXBuildFile; fileRef = C9A7AC3B2B24E742007AAA48 /* Geo.swift */; };
		C9A7AC3E2B24E757007AAA48 /* Company.swift in Sources */ = {isa = PBXBuildFile; fileRef = C9A7AC3D2B24E757007AAA48 /* Company.swift */; };
		C9CF2FD22B125E6300901056 /* UsersViewModel.swift in Sources */ = {isa = PBXBuildFile; fileRef = C9CF2FD12B125E6300901056 /* UsersViewModel.swift */; };
		C9CF2FDF2B12665600901056 /* FetchUsersUseCase.swift in Sources */ = {isa = PBXBuildFile; fileRef = C9CF2FDE2B12665600901056 /* FetchUsersUseCase.swift */; };
		C9CF2FE12B12682A00901056 /* Users.swift in Sources */ = {isa = PBXBuildFile; fileRef = C9CF2FE02B12682A00901056 /* Users.swift */; };
		C9CF2FE32B12696100901056 /* UsersRepository.swift in Sources */ = {isa = PBXBuildFile; fileRef = C9CF2FE22B12696100901056 /* UsersRepository.swift */; };
		C9CF2FE52B1269E200901056 /* DefaultUsersRepository.swift in Sources */ = {isa = PBXBuildFile; fileRef = C9CF2FE42B1269E200901056 /* DefaultUsersRepository.swift */; };
		C9CF2FE72B12782200901056 /* UsersEndpoint.swift in Sources */ = {isa = PBXBuildFile; fileRef = C9CF2FE62B12782200901056 /* UsersEndpoint.swift */; };
		C9CF2FE92B1278DE00901056 /* DefaultDataProvider.swift in Sources */ = {isa = PBXBuildFile; fileRef = C9CF2FE82B1278DE00901056 /* DefaultDataProvider.swift */; };
		C9D5C20E2B41940F0002862A /* UsersDataService.swift in Sources */ = {isa = PBXBuildFile; fileRef = C9D5C20D2B41940F0002862A /* UsersDataService.swift */; };
		C9D5C21D2B4199670002862A /* UsersViewModelTests.swift in Sources */ = {isa = PBXBuildFile; fileRef = C9D5C21C2B4199670002862A /* UsersViewModelTests.swift */; };
		C9D5C2272B4315920002862A /* FetchUsersUseCaseSpy.swift in Sources */ = {isa = PBXBuildFile; fileRef = C9D5C2262B4315910002862A /* FetchUsersUseCaseSpy.swift */; };
		C9D5C2292B4445710002862A /* FetchUsersUseCaseTests.swift in Sources */ = {isa = PBXBuildFile; fileRef = C9D5C2282B4445710002862A /* FetchUsersUseCaseTests.swift */; };
		C9D5C22B2B4445E20002862A /* UsersRepositorySpy.swift in Sources */ = {isa = PBXBuildFile; fileRef = C9D5C22A2B4445E20002862A /* UsersRepositorySpy.swift */; };
		C9D5C22D2B4450190002862A /* DefaultUsersRepositoryTests.swift in Sources */ = {isa = PBXBuildFile; fileRef = C9D5C22C2B4450190002862A /* DefaultUsersRepositoryTests.swift */; };
		C9D5C22F2B4456B80002862A /* UsersDataServiceSpy.swift in Sources */ = {isa = PBXBuildFile; fileRef = C9D5C22E2B4456B80002862A /* UsersDataServiceSpy.swift */; };
		C9D5C2312B4569000002862A /* UsersDataServiceTests.swift in Sources */ = {isa = PBXBuildFile; fileRef = C9D5C2302B4569000002862A /* UsersDataServiceTests.swift */; };
		C9D5C2332B4569650002862A /* DefaultDataProviderSpy.swift in Sources */ = {isa = PBXBuildFile; fileRef = C9D5C2322B4569650002862A /* DefaultDataProviderSpy.swift */; };
		C9D5C2352B457C620002862A /* DefaultDataProviderTests.swift in Sources */ = {isa = PBXBuildFile; fileRef = C9D5C2342B457C620002862A /* DefaultDataProviderTests.swift */; };
		C9D5C2392B459E3A0002862A /* URLSessionManager.swift in Sources */ = {isa = PBXBuildFile; fileRef = C9D5C2382B459E3A0002862A /* URLSessionManager.swift */; };
		C9D5C23B2B45A4DF0002862A /* URLSessionMock.swift in Sources */ = {isa = PBXBuildFile; fileRef = C9D5C23A2B45A4DF0002862A /* URLSessionMock.swift */; };
		C9D5C2562B4700410002862A /* UsersAppSwiftUI_UITests.swift in Sources */ = {isa = PBXBuildFile; fileRef = C9D5C2552B4700410002862A /* UsersAppSwiftUI_UITests.swift */; };
		C9D5C2582B4700410002862A /* UsersAppSwiftUI_UITestsLaunchTests.swift in Sources */ = {isa = PBXBuildFile; fileRef = C9D5C2572B4700410002862A /* UsersAppSwiftUI_UITestsLaunchTests.swift */; };
		C9D5C2612B47017B0002862A /* UsersViewUITests.swift in Sources */ = {isa = PBXBuildFile; fileRef = C9D5C2602B47017B0002862A /* UsersViewUITests.swift */; };
/* End PBXBuildFile section */

/* Begin PBXContainerItemProxy section */
		C9D5C2172B4199380002862A /* PBXContainerItemProxy */ = {
			isa = PBXContainerItemProxy;
			containerPortal = C912E98F2B12118100438C16 /* Project object */;
			proxyType = 1;
			remoteGlobalIDString = C912E9962B12118100438C16;
			remoteInfo = UsersAppSwiftUI;
		};
		C9D5C2592B4700410002862A /* PBXContainerItemProxy */ = {
			isa = PBXContainerItemProxy;
			containerPortal = C912E98F2B12118100438C16 /* Project object */;
			proxyType = 1;
			remoteGlobalIDString = C912E9962B12118100438C16;
			remoteInfo = UsersAppSwiftUI;
		};
/* End PBXContainerItemProxy section */

/* Begin PBXFileReference section */
		C908AC272B2F640000894733 /* AddressModel.swift */ = {isa = PBXFileReference; lastKnownFileType = sourcecode.swift; path = AddressModel.swift; sourceTree = "<group>"; };
		C908AC292B2F642000894733 /* GeoModel.swift */ = {isa = PBXFileReference; lastKnownFileType = sourcecode.swift; path = GeoModel.swift; sourceTree = "<group>"; };
		C908AC2B2B2F643700894733 /* CompanyModel.swift */ = {isa = PBXFileReference; lastKnownFileType = sourcecode.swift; path = CompanyModel.swift; sourceTree = "<group>"; };
		C908AC2D2B2F66BF00894733 /* UsersModel.swift */ = {isa = PBXFileReference; lastKnownFileType = sourcecode.swift; path = UsersModel.swift; sourceTree = "<group>"; };
		C912E9972B12118100438C16 /* UsersAppSwiftUI.app */ = {isa = PBXFileReference; explicitFileType = wrapper.application; includeInIndex = 0; path = UsersAppSwiftUI.app; sourceTree = BUILT_PRODUCTS_DIR; };
		C912E99A2B12118100438C16 /* UsersAppSwiftUIApp.swift */ = {isa = PBXFileReference; lastKnownFileType = sourcecode.swift; path = UsersAppSwiftUIApp.swift; sourceTree = "<group>"; };
		C912E99E2B12118300438C16 /* Assets.xcassets */ = {isa = PBXFileReference; lastKnownFileType = folder.assetcatalog; path = Assets.xcassets; sourceTree = "<group>"; };
		C912E9A12B12118300438C16 /* Preview Assets.xcassets */ = {isa = PBXFileReference; lastKnownFileType = folder.assetcatalog; path = "Preview Assets.xcassets"; sourceTree = "<group>"; };
		C912E9A92B1227E400438C16 /* UsersView.swift */ = {isa = PBXFileReference; lastKnownFileType = sourcecode.swift; path = UsersView.swift; sourceTree = "<group>"; };
		C96196782B2639E7001C6053 /* GradientViewBackground.swift */ = {isa = PBXFileReference; fileEncoding = 4; lastKnownFileType = sourcecode.swift; path = GradientViewBackground.swift; sourceTree = "<group>"; };
		C96196792B2639E7001C6053 /* Extensions.swift */ = {isa = PBXFileReference; fileEncoding = 4; lastKnownFileType = sourcecode.swift; path = Extensions.swift; sourceTree = "<group>"; };
		C961967A2B2639E7001C6053 /* BackButton.swift */ = {isa = PBXFileReference; fileEncoding = 4; lastKnownFileType = sourcecode.swift; path = BackButton.swift; sourceTree = "<group>"; };
		C961967E2B2639FB001C6053 /* AddressView.swift */ = {isa = PBXFileReference; fileEncoding = 4; lastKnownFileType = sourcecode.swift; path = AddressView.swift; sourceTree = "<group>"; };
		C961967F2B2639FB001C6053 /* UserDetailView.swift */ = {isa = PBXFileReference; fileEncoding = 4; lastKnownFileType = sourcecode.swift; path = UserDetailView.swift; sourceTree = "<group>"; };
		C96196802B2639FB001C6053 /* CompanyView.swift */ = {isa = PBXFileReference; fileEncoding = 4; lastKnownFileType = sourcecode.swift; path = CompanyView.swift; sourceTree = "<group>"; };
		C9A7AC392B24E728007AAA48 /* Address.swift */ = {isa = PBXFileReference; lastKnownFileType = sourcecode.swift; path = Address.swift; sourceTree = "<group>"; };
		C9A7AC3B2B24E742007AAA48 /* Geo.swift */ = {isa = PBXFileReference; lastKnownFileType = sourcecode.swift; path = Geo.swift; sourceTree = "<group>"; };
		C9A7AC3D2B24E757007AAA48 /* Company.swift */ = {isa = PBXFileReference; lastKnownFileType = sourcecode.swift; path = Company.swift; sourceTree = "<group>"; };
		C9CF2FD12B125E6300901056 /* UsersViewModel.swift */ = {isa = PBXFileReference; lastKnownFileType = sourcecode.swift; path = UsersViewModel.swift; sourceTree = "<group>"; };
		C9CF2FDE2B12665600901056 /* FetchUsersUseCase.swift */ = {isa = PBXFileReference; lastKnownFileType = sourcecode.swift; path = FetchUsersUseCase.swift; sourceTree = "<group>"; };
		C9CF2FE02B12682A00901056 /* Users.swift */ = {isa = PBXFileReference; lastKnownFileType = sourcecode.swift; path = Users.swift; sourceTree = "<group>"; };
		C9CF2FE22B12696100901056 /* UsersRepository.swift */ = {isa = PBXFileReference; lastKnownFileType = sourcecode.swift; path = UsersRepository.swift; sourceTree = "<group>"; };
		C9CF2FE42B1269E200901056 /* DefaultUsersRepository.swift */ = {isa = PBXFileReference; lastKnownFileType = sourcecode.swift; path = DefaultUsersRepository.swift; sourceTree = "<group>"; };
		C9CF2FE62B12782200901056 /* UsersEndpoint.swift */ = {isa = PBXFileReference; lastKnownFileType = sourcecode.swift; path = UsersEndpoint.swift; sourceTree = "<group>"; };
		C9CF2FE82B1278DE00901056 /* DefaultDataProvider.swift */ = {isa = PBXFileReference; lastKnownFileType = sourcecode.swift; path = DefaultDataProvider.swift; sourceTree = "<group>"; };
		C9D5C20D2B41940F0002862A /* UsersDataService.swift */ = {isa = PBXFileReference; lastKnownFileType = sourcecode.swift; path = UsersDataService.swift; sourceTree = "<group>"; };
		C9D5C2132B4199380002862A /* UsersAppSwiftUITests.xctest */ = {isa = PBXFileReference; explicitFileType = wrapper.cfbundle; includeInIndex = 0; path = UsersAppSwiftUITests.xctest; sourceTree = BUILT_PRODUCTS_DIR; };
		C9D5C21C2B4199670002862A /* UsersViewModelTests.swift */ = {isa = PBXFileReference; lastKnownFileType = sourcecode.swift; path = UsersViewModelTests.swift; sourceTree = "<group>"; };
		C9D5C2262B4315910002862A /* FetchUsersUseCaseSpy.swift */ = {isa = PBXFileReference; lastKnownFileType = sourcecode.swift; path = FetchUsersUseCaseSpy.swift; sourceTree = "<group>"; };
		C9D5C2282B4445710002862A /* FetchUsersUseCaseTests.swift */ = {isa = PBXFileReference; lastKnownFileType = sourcecode.swift; path = FetchUsersUseCaseTests.swift; sourceTree = "<group>"; };
		C9D5C22A2B4445E20002862A /* UsersRepositorySpy.swift */ = {isa = PBXFileReference; lastKnownFileType = sourcecode.swift; path = UsersRepositorySpy.swift; sourceTree = "<group>"; };
		C9D5C22C2B4450190002862A /* DefaultUsersRepositoryTests.swift */ = {isa = PBXFileReference; lastKnownFileType = sourcecode.swift; path = DefaultUsersRepositoryTests.swift; sourceTree = "<group>"; };
		C9D5C22E2B4456B80002862A /* UsersDataServiceSpy.swift */ = {isa = PBXFileReference; lastKnownFileType = sourcecode.swift; path = UsersDataServiceSpy.swift; sourceTree = "<group>"; };
		C9D5C2302B4569000002862A /* UsersDataServiceTests.swift */ = {isa = PBXFileReference; lastKnownFileType = sourcecode.swift; path = UsersDataServiceTests.swift; sourceTree = "<group>"; };
		C9D5C2322B4569650002862A /* DefaultDataProviderSpy.swift */ = {isa = PBXFileReference; lastKnownFileType = sourcecode.swift; path = DefaultDataProviderSpy.swift; sourceTree = "<group>"; };
		C9D5C2342B457C620002862A /* DefaultDataProviderTests.swift */ = {isa = PBXFileReference; lastKnownFileType = sourcecode.swift; path = DefaultDataProviderTests.swift; sourceTree = "<group>"; };
		C9D5C2382B459E3A0002862A /* URLSessionManager.swift */ = {isa = PBXFileReference; lastKnownFileType = sourcecode.swift; path = URLSessionManager.swift; sourceTree = "<group>"; };
		C9D5C23A2B45A4DF0002862A /* URLSessionMock.swift */ = {isa = PBXFileReference; lastKnownFileType = sourcecode.swift; path = URLSessionMock.swift; sourceTree = "<group>"; };
		C9D5C2532B4700410002862A /* UsersAppSwiftUI_UITests.xctest */ = {isa = PBXFileReference; explicitFileType = wrapper.cfbundle; includeInIndex = 0; path = UsersAppSwiftUI_UITests.xctest; sourceTree = BUILT_PRODUCTS_DIR; };
		C9D5C2552B4700410002862A /* UsersAppSwiftUI_UITests.swift */ = {isa = PBXFileReference; lastKnownFileType = sourcecode.swift; path = UsersAppSwiftUI_UITests.swift; sourceTree = "<group>"; };
		C9D5C2572B4700410002862A /* UsersAppSwiftUI_UITestsLaunchTests.swift */ = {isa = PBXFileReference; lastKnownFileType = sourcecode.swift; path = UsersAppSwiftUI_UITestsLaunchTests.swift; sourceTree = "<group>"; };
		C9D5C2602B47017B0002862A /* UsersViewUITests.swift */ = {isa = PBXFileReference; lastKnownFileType = sourcecode.swift; path = UsersViewUITests.swift; sourceTree = "<group>"; };
/* End PBXFileReference section */

/* Begin PBXFrameworksBuildPhase section */
		C912E9942B12118100438C16 /* Frameworks */ = {
			isa = PBXFrameworksBuildPhase;
			buildActionMask = 2147483647;
			files = (
			);
			runOnlyForDeploymentPostprocessing = 0;
		};
		C9D5C2102B4199380002862A /* Frameworks */ = {
			isa = PBXFrameworksBuildPhase;
			buildActionMask = 2147483647;
			files = (
			);
			runOnlyForDeploymentPostprocessing = 0;
		};
		C9D5C2502B4700410002862A /* Frameworks */ = {
			isa = PBXFrameworksBuildPhase;
			buildActionMask = 2147483647;
			files = (
			);
			runOnlyForDeploymentPostprocessing = 0;
		};
/* End PBXFrameworksBuildPhase section */

/* Begin PBXGroup section */
		C912E98E2B12118100438C16 = {
			isa = PBXGroup;
			children = (
				C912E9992B12118100438C16 /* UsersAppSwiftUI */,
				C9D5C2142B4199380002862A /* UsersAppSwiftUI_Tests */,
				C9D5C2542B4700410002862A /* UsersAppSwiftUI_UITests */,
				C912E9982B12118100438C16 /* Products */,
			);
			sourceTree = "<group>";
		};
		C912E9982B12118100438C16 /* Products */ = {
			isa = PBXGroup;
			children = (
				C912E9972B12118100438C16 /* UsersAppSwiftUI.app */,
				C9D5C2132B4199380002862A /* UsersAppSwiftUITests.xctest */,
				C9D5C2532B4700410002862A /* UsersAppSwiftUI_UITests.xctest */,
			);
			name = Products;
			sourceTree = "<group>";
		};
		C912E9992B12118100438C16 /* UsersAppSwiftUI */ = {
			isa = PBXGroup;
			children = (
				C912E99A2B12118100438C16 /* UsersAppSwiftUIApp.swift */,
				C9CF2FD62B1260A300901056 /* PresentationLayer */,
				C9CF2FD72B1260BD00901056 /* DomainLayer */,
				C9CF2FD32B125EC900901056 /* DataLayer */,
				C912E99E2B12118300438C16 /* Assets.xcassets */,
				C912E9A02B12118300438C16 /* Preview Content */,
			);
			path = UsersAppSwiftUI;
			sourceTree = "<group>";
		};
		C912E9A02B12118300438C16 /* Preview Content */ = {
			isa = PBXGroup;
			children = (
				C912E9A12B12118300438C16 /* Preview Assets.xcassets */,
			);
			path = "Preview Content";
			sourceTree = "<group>";
		};
		C912E9A82B1227B900438C16 /* Views */ = {
			isa = PBXGroup;
			children = (
				C96196772B2639E7001C6053 /* Utils */,
				C912E9A92B1227E400438C16 /* UsersView.swift */,
				C961967F2B2639FB001C6053 /* UserDetailView.swift */,
				C961967E2B2639FB001C6053 /* AddressView.swift */,
				C96196802B2639FB001C6053 /* CompanyView.swift */,
			);
			path = Views;
			sourceTree = "<group>";
		};
		C912E9AB2B125B0400438C16 /* ViewModels */ = {
			isa = PBXGroup;
			children = (
				C9CF2FD12B125E6300901056 /* UsersViewModel.swift */,
			);
			path = ViewModels;
			sourceTree = "<group>";
		};
		C96196772B2639E7001C6053 /* Utils */ = {
			isa = PBXGroup;
			children = (
				C96196782B2639E7001C6053 /* GradientViewBackground.swift */,
				C96196792B2639E7001C6053 /* Extensions.swift */,
				C961967A2B2639E7001C6053 /* BackButton.swift */,
			);
			path = Utils;
			sourceTree = "<group>";
		};
		C99134A12B304AA70000E984 /* UserModel */ = {
			isa = PBXGroup;
			children = (
				C908AC2D2B2F66BF00894733 /* UsersModel.swift */,
				C908AC272B2F640000894733 /* AddressModel.swift */,
				C908AC292B2F642000894733 /* GeoModel.swift */,
				C908AC2B2B2F643700894733 /* CompanyModel.swift */,
			);
			path = UserModel;
			sourceTree = "<group>";
		};
		C9CF2FD32B125EC900901056 /* DataLayer */ = {
			isa = PBXGroup;
			children = (
				C9CF2FDC2B12640300901056 /* Repository */,
				C9CF2FDD2B12640D00901056 /* Network */,
			);
			path = DataLayer;
			sourceTree = "<group>";
		};
		C9CF2FD62B1260A300901056 /* PresentationLayer */ = {
			isa = PBXGroup;
			children = (
				C912E9A82B1227B900438C16 /* Views */,
				C912E9AB2B125B0400438C16 /* ViewModels */,
			);
			path = PresentationLayer;
			sourceTree = "<group>";
		};
		C9CF2FD72B1260BD00901056 /* DomainLayer */ = {
			isa = PBXGroup;
			children = (
				C9CF2FDA2B12612900901056 /* Entity */,
				C9CF2FD92B12611E00901056 /* UseCase */,
				C9CF2FDB2B12613400901056 /* Repository */,
			);
			path = DomainLayer;
			sourceTree = "<group>";
		};
		C9CF2FD92B12611E00901056 /* UseCase */ = {
			isa = PBXGroup;
			children = (
				C9CF2FDE2B12665600901056 /* FetchUsersUseCase.swift */,
			);
			path = UseCase;
			sourceTree = "<group>";
		};
		C9CF2FDA2B12612900901056 /* Entity */ = {
			isa = PBXGroup;
			children = (
				C9CF2FE02B12682A00901056 /* Users.swift */,
				C9A7AC392B24E728007AAA48 /* Address.swift */,
				C9A7AC3B2B24E742007AAA48 /* Geo.swift */,
				C9A7AC3D2B24E757007AAA48 /* Company.swift */,
			);
			path = Entity;
			sourceTree = "<group>";
		};
		C9CF2FDB2B12613400901056 /* Repository */ = {
			isa = PBXGroup;
			children = (
				C9CF2FE22B12696100901056 /* UsersRepository.swift */,
			);
			path = Repository;
			sourceTree = "<group>";
		};
		C9CF2FDC2B12640300901056 /* Repository */ = {
			isa = PBXGroup;
			children = (
				C9CF2FE42B1269E200901056 /* DefaultUsersRepository.swift */,
			);
			path = Repository;
			sourceTree = "<group>";
		};
		C9CF2FDD2B12640D00901056 /* Network */ = {
			isa = PBXGroup;
			children = (
				C99134A12B304AA70000E984 /* UserModel */,
				C9D5C20D2B41940F0002862A /* UsersDataService.swift */,
				C9CF2FE82B1278DE00901056 /* DefaultDataProvider.swift */,
				C9D5C2382B459E3A0002862A /* URLSessionManager.swift */,
				C9CF2FE62B12782200901056 /* UsersEndpoint.swift */,
			);
			path = Network;
			sourceTree = "<group>";
		};
		C9D5C2142B4199380002862A /* UsersAppSwiftUI_Tests */ = {
			isa = PBXGroup;
			children = (
				C9D5C2252B419F260002862A /* Spies&Mocks */,
				C9D5C21E2B419D240002862A /* PresentationLayer */,
				C9D5C2202B419D4C0002862A /* DomainLayer */,
				C9D5C2222B419D670002862A /* DataLayer */,
			);
			path = UsersAppSwiftUI_Tests;
			sourceTree = "<group>";
		};
		C9D5C21E2B419D240002862A /* PresentationLayer */ = {
			isa = PBXGroup;
			children = (
				C9D5C21F2B419D310002862A /* ViewModels */,
			);
			path = PresentationLayer;
			sourceTree = "<group>";
		};
		C9D5C21F2B419D310002862A /* ViewModels */ = {
			isa = PBXGroup;
			children = (
				C9D5C21C2B4199670002862A /* UsersViewModelTests.swift */,
			);
			path = ViewModels;
			sourceTree = "<group>";
		};
		C9D5C2202B419D4C0002862A /* DomainLayer */ = {
			isa = PBXGroup;
			children = (
				C9D5C2212B419D5D0002862A /* UseCase */,
			);
			path = DomainLayer;
			sourceTree = "<group>";
		};
		C9D5C2212B419D5D0002862A /* UseCase */ = {
			isa = PBXGroup;
			children = (
				C9D5C2282B4445710002862A /* FetchUsersUseCaseTests.swift */,
			);
			path = UseCase;
			sourceTree = "<group>";
		};
		C9D5C2222B419D670002862A /* DataLayer */ = {
			isa = PBXGroup;
			children = (
				C9D5C2232B419D8E0002862A /* Repository */,
				C9D5C2242B419D980002862A /* Network */,
			);
			path = DataLayer;
			sourceTree = "<group>";
		};
		C9D5C2232B419D8E0002862A /* Repository */ = {
			isa = PBXGroup;
			children = (
				C9D5C22C2B4450190002862A /* DefaultUsersRepositoryTests.swift */,
			);
			path = Repository;
			sourceTree = "<group>";
		};
		C9D5C2242B419D980002862A /* Network */ = {
			isa = PBXGroup;
			children = (
				C9D5C2302B4569000002862A /* UsersDataServiceTests.swift */,
				C9D5C2342B457C620002862A /* DefaultDataProviderTests.swift */,
			);
			path = Network;
			sourceTree = "<group>";
		};
		C9D5C2252B419F260002862A /* Spies&Mocks */ = {
			isa = PBXGroup;
			children = (
				C9D5C2262B4315910002862A /* FetchUsersUseCaseSpy.swift */,
				C9D5C22A2B4445E20002862A /* UsersRepositorySpy.swift */,
				C9D5C22E2B4456B80002862A /* UsersDataServiceSpy.swift */,
				C9D5C2322B4569650002862A /* DefaultDataProviderSpy.swift */,
				C9D5C23A2B45A4DF0002862A /* URLSessionMock.swift */,
			);
			path = "Spies&Mocks";
			sourceTree = "<group>";
		};
		C9D5C2542B4700410002862A /* UsersAppSwiftUI_UITests */ = {
			isa = PBXGroup;
			children = (
				C9D5C2552B4700410002862A /* UsersAppSwiftUI_UITests.swift */,
				C9D5C2572B4700410002862A /* UsersAppSwiftUI_UITestsLaunchTests.swift */,
				C9D5C2602B47017B0002862A /* UsersViewUITests.swift */,
			);
			path = UsersAppSwiftUI_UITests;
			sourceTree = "<group>";
		};
/* End PBXGroup section */

/* Begin PBXNativeTarget section */
		C912E9962B12118100438C16 /* UsersAppSwiftUI */ = {
			isa = PBXNativeTarget;
			buildConfigurationList = C912E9A52B12118300438C16 /* Build configuration list for PBXNativeTarget "UsersAppSwiftUI" */;
			buildPhases = (
				C912E9932B12118100438C16 /* Sources */,
				C912E9942B12118100438C16 /* Frameworks */,
				C912E9952B12118100438C16 /* Resources */,
			);
			buildRules = (
			);
			dependencies = (
			);
			name = UsersAppSwiftUI;
			productName = UsersAppSwiftUI;
			productReference = C912E9972B12118100438C16 /* UsersAppSwiftUI.app */;
			productType = "com.apple.product-type.application";
		};
		C9D5C2122B4199380002862A /* UsersAppSwiftUITests */ = {
			isa = PBXNativeTarget;
			buildConfigurationList = C9D5C2192B4199380002862A /* Build configuration list for PBXNativeTarget "UsersAppSwiftUITests" */;
			buildPhases = (
				C9D5C20F2B4199380002862A /* Sources */,
				C9D5C2102B4199380002862A /* Frameworks */,
				C9D5C2112B4199380002862A /* Resources */,
			);
			buildRules = (
			);
			dependencies = (
				C9D5C2182B4199380002862A /* PBXTargetDependency */,
			);
			name = UsersAppSwiftUITests;
			productName = UsersAppSwiftUITests;
			productReference = C9D5C2132B4199380002862A /* UsersAppSwiftUITests.xctest */;
			productType = "com.apple.product-type.bundle.unit-test";
		};
		C9D5C2522B4700410002862A /* UsersAppSwiftUI_UITests */ = {
			isa = PBXNativeTarget;
			buildConfigurationList = C9D5C25B2B4700410002862A /* Build configuration list for PBXNativeTarget "UsersAppSwiftUI_UITests" */;
			buildPhases = (
				C9D5C24F2B4700410002862A /* Sources */,
				C9D5C2502B4700410002862A /* Frameworks */,
				C9D5C2512B4700410002862A /* Resources */,
			);
			buildRules = (
			);
			dependencies = (
				C9D5C25A2B4700410002862A /* PBXTargetDependency */,
			);
			name = UsersAppSwiftUI_UITests;
			productName = UsersAppSwiftUI_UITests;
			productReference = C9D5C2532B4700410002862A /* UsersAppSwiftUI_UITests.xctest */;
			productType = "com.apple.product-type.bundle.ui-testing";
		};
/* End PBXNativeTarget section */

/* Begin PBXProject section */
		C912E98F2B12118100438C16 /* Project object */ = {
			isa = PBXProject;
			attributes = {
				BuildIndependentTargetsInParallel = 1;
				LastSwiftUpdateCheck = 1500;
				LastUpgradeCheck = 1500;
				TargetAttributes = {
					C912E9962B12118100438C16 = {
						CreatedOnToolsVersion = 15.0.1;
					};
					C9D5C2122B4199380002862A = {
						CreatedOnToolsVersion = 15.0.1;
						TestTargetID = C912E9962B12118100438C16;
					};
					C9D5C2522B4700410002862A = {
						CreatedOnToolsVersion = 15.0.1;
						TestTargetID = C912E9962B12118100438C16;
					};
				};
			};
			buildConfigurationList = C912E9922B12118100438C16 /* Build configuration list for PBXProject "UsersAppSwiftUI" */;
			compatibilityVersion = "Xcode 14.0";
			developmentRegion = en;
			hasScannedForEncodings = 0;
			knownRegions = (
				en,
				Base,
			);
			mainGroup = C912E98E2B12118100438C16;
			productRefGroup = C912E9982B12118100438C16 /* Products */;
			projectDirPath = "";
			projectRoot = "";
			targets = (
				C912E9962B12118100438C16 /* UsersAppSwiftUI */,
				C9D5C2122B4199380002862A /* UsersAppSwiftUITests */,
				C9D5C2522B4700410002862A /* UsersAppSwiftUI_UITests */,
			);
		};
/* End PBXProject section */

/* Begin PBXResourcesBuildPhase section */
		C912E9952B12118100438C16 /* Resources */ = {
			isa = PBXResourcesBuildPhase;
			buildActionMask = 2147483647;
			files = (
				C912E9A22B12118300438C16 /* Preview Assets.xcassets in Resources */,
				C912E99F2B12118300438C16 /* Assets.xcassets in Resources */,
			);
			runOnlyForDeploymentPostprocessing = 0;
		};
		C9D5C2112B4199380002862A /* Resources */ = {
			isa = PBXResourcesBuildPhase;
			buildActionMask = 2147483647;
			files = (
			);
			runOnlyForDeploymentPostprocessing = 0;
		};
		C9D5C2512B4700410002862A /* Resources */ = {
			isa = PBXResourcesBuildPhase;
			buildActionMask = 2147483647;
			files = (
			);
			runOnlyForDeploymentPostprocessing = 0;
		};
/* End PBXResourcesBuildPhase section */

/* Begin PBXSourcesBuildPhase section */
		C912E9932B12118100438C16 /* Sources */ = {
			isa = PBXSourcesBuildPhase;
			buildActionMask = 2147483647;
			files = (
				C912E99B2B12118100438C16 /* UsersAppSwiftUIApp.swift in Sources */,
				C908AC2C2B2F643700894733 /* CompanyModel.swift in Sources */,
				C9CF2FE72B12782200901056 /* UsersEndpoint.swift in Sources */,
				C9CF2FE32B12696100901056 /* UsersRepository.swift in Sources */,
				C9CF2FD22B125E6300901056 /* UsersViewModel.swift in Sources */,
				C908AC282B2F640000894733 /* AddressModel.swift in Sources */,
				C96196822B2639FB001C6053 /* UserDetailView.swift in Sources */,
				C961967B2B2639E7001C6053 /* GradientViewBackground.swift in Sources */,
				C908AC2E2B2F66BF00894733 /* UsersModel.swift in Sources */,
				C96196832B2639FB001C6053 /* CompanyView.swift in Sources */,
				C9D5C20E2B41940F0002862A /* UsersDataService.swift in Sources */,
				C9CF2FDF2B12665600901056 /* FetchUsersUseCase.swift in Sources */,
				C9D5C2392B459E3A0002862A /* URLSessionManager.swift in Sources */,
				C9CF2FE12B12682A00901056 /* Users.swift in Sources */,
				C961967D2B2639E7001C6053 /* BackButton.swift in Sources */,
				C9CF2FE52B1269E200901056 /* DefaultUsersRepository.swift in Sources */,
				C912E9AA2B1227E400438C16 /* UsersView.swift in Sources */,
				C908AC2A2B2F642000894733 /* GeoModel.swift in Sources */,
				C961967C2B2639E7001C6053 /* Extensions.swift in Sources */,
				C9A7AC3A2B24E728007AAA48 /* Address.swift in Sources */,
				C9CF2FE92B1278DE00901056 /* DefaultDataProvider.swift in Sources */,
				C96196812B2639FB001C6053 /* AddressView.swift in Sources */,
				C9A7AC3E2B24E757007AAA48 /* Company.swift in Sources */,
				C9A7AC3C2B24E742007AAA48 /* Geo.swift in Sources */,
			);
			runOnlyForDeploymentPostprocessing = 0;
		};
		C9D5C20F2B4199380002862A /* Sources */ = {
			isa = PBXSourcesBuildPhase;
			buildActionMask = 2147483647;
			files = (
				C9D5C2332B4569650002862A /* DefaultDataProviderSpy.swift in Sources */,
				C9D5C22B2B4445E20002862A /* UsersRepositorySpy.swift in Sources */,
				C9D5C2272B4315920002862A /* FetchUsersUseCaseSpy.swift in Sources */,
				C9D5C22D2B4450190002862A /* DefaultUsersRepositoryTests.swift in Sources */,
				C9D5C21D2B4199670002862A /* UsersViewModelTests.swift in Sources */,
				C9D5C23B2B45A4DF0002862A /* URLSessionMock.swift in Sources */,
				C9D5C22F2B4456B80002862A /* UsersDataServiceSpy.swift in Sources */,
				C9D5C2312B4569000002862A /* UsersDataServiceTests.swift in Sources */,
				C9D5C2352B457C620002862A /* DefaultDataProviderTests.swift in Sources */,
				C9D5C2292B4445710002862A /* FetchUsersUseCaseTests.swift in Sources */,
			);
			runOnlyForDeploymentPostprocessing = 0;
		};
		C9D5C24F2B4700410002862A /* Sources */ = {
			isa = PBXSourcesBuildPhase;
			buildActionMask = 2147483647;
			files = (
				C9D5C2612B47017B0002862A /* UsersViewUITests.swift in Sources */,
				C9D5C2562B4700410002862A /* UsersAppSwiftUI_UITests.swift in Sources */,
				C9D5C2582B4700410002862A /* UsersAppSwiftUI_UITestsLaunchTests.swift in Sources */,
			);
			runOnlyForDeploymentPostprocessing = 0;
		};
/* End PBXSourcesBuildPhase section */

/* Begin PBXTargetDependency section */
		C9D5C2182B4199380002862A /* PBXTargetDependency */ = {
			isa = PBXTargetDependency;
			target = C912E9962B12118100438C16 /* UsersAppSwiftUI */;
			targetProxy = C9D5C2172B4199380002862A /* PBXContainerItemProxy */;
		};
		C9D5C25A2B4700410002862A /* PBXTargetDependency */ = {
			isa = PBXTargetDependency;
			target = C912E9962B12118100438C16 /* UsersAppSwiftUI */;
			targetProxy = C9D5C2592B4700410002862A /* PBXContainerItemProxy */;
		};
/* End PBXTargetDependency section */

/* Begin XCBuildConfiguration section */
		C912E9A32B12118300438C16 /* Debug */ = {
			isa = XCBuildConfiguration;
			buildSettings = {
				ALWAYS_SEARCH_USER_PATHS = NO;
				ASSETCATALOG_COMPILER_GENERATE_SWIFT_ASSET_SYMBOL_EXTENSIONS = YES;
				CLANG_ANALYZER_NONNULL = YES;
				CLANG_ANALYZER_NUMBER_OBJECT_CONVERSION = YES_AGGRESSIVE;
				CLANG_CXX_LANGUAGE_STANDARD = "gnu++20";
				CLANG_ENABLE_MODULES = YES;
				CLANG_ENABLE_OBJC_ARC = YES;
				CLANG_ENABLE_OBJC_WEAK = YES;
				CLANG_WARN_BLOCK_CAPTURE_AUTORELEASING = YES;
				CLANG_WARN_BOOL_CONVERSION = YES;
				CLANG_WARN_COMMA = YES;
				CLANG_WARN_CONSTANT_CONVERSION = YES;
				CLANG_WARN_DEPRECATED_OBJC_IMPLEMENTATIONS = YES;
				CLANG_WARN_DIRECT_OBJC_ISA_USAGE = YES_ERROR;
				CLANG_WARN_DOCUMENTATION_COMMENTS = YES;
				CLANG_WARN_EMPTY_BODY = YES;
				CLANG_WARN_ENUM_CONVERSION = YES;
				CLANG_WARN_INFINITE_RECURSION = YES;
				CLANG_WARN_INT_CONVERSION = YES;
				CLANG_WARN_NON_LITERAL_NULL_CONVERSION = YES;
				CLANG_WARN_OBJC_IMPLICIT_RETAIN_SELF = YES;
				CLANG_WARN_OBJC_LITERAL_CONVERSION = YES;
				CLANG_WARN_OBJC_ROOT_CLASS = YES_ERROR;
				CLANG_WARN_QUOTED_INCLUDE_IN_FRAMEWORK_HEADER = YES;
				CLANG_WARN_RANGE_LOOP_ANALYSIS = YES;
				CLANG_WARN_STRICT_PROTOTYPES = YES;
				CLANG_WARN_SUSPICIOUS_MOVE = YES;
				CLANG_WARN_UNGUARDED_AVAILABILITY = YES_AGGRESSIVE;
				CLANG_WARN_UNREACHABLE_CODE = YES;
				CLANG_WARN__DUPLICATE_METHOD_MATCH = YES;
				COPY_PHASE_STRIP = NO;
				DEBUG_INFORMATION_FORMAT = dwarf;
				ENABLE_STRICT_OBJC_MSGSEND = YES;
				ENABLE_TESTABILITY = YES;
				ENABLE_USER_SCRIPT_SANDBOXING = YES;
				GCC_C_LANGUAGE_STANDARD = gnu17;
				GCC_DYNAMIC_NO_PIC = NO;
				GCC_NO_COMMON_BLOCKS = YES;
				GCC_OPTIMIZATION_LEVEL = 0;
				GCC_PREPROCESSOR_DEFINITIONS = (
					"DEBUG=1",
					"$(inherited)",
				);
				GCC_WARN_64_TO_32_BIT_CONVERSION = YES;
				GCC_WARN_ABOUT_RETURN_TYPE = YES_ERROR;
				GCC_WARN_UNDECLARED_SELECTOR = YES;
				GCC_WARN_UNINITIALIZED_AUTOS = YES_AGGRESSIVE;
				GCC_WARN_UNUSED_FUNCTION = YES;
				GCC_WARN_UNUSED_VARIABLE = YES;
				IPHONEOS_DEPLOYMENT_TARGET = 17.0;
				LOCALIZATION_PREFERS_STRING_CATALOGS = YES;
				MTL_ENABLE_DEBUG_INFO = INCLUDE_SOURCE;
				MTL_FAST_MATH = YES;
				ONLY_ACTIVE_ARCH = YES;
				SDKROOT = iphoneos;
				SWIFT_ACTIVE_COMPILATION_CONDITIONS = "DEBUG $(inherited)";
				SWIFT_OPTIMIZATION_LEVEL = "-Onone";
			};
			name = Debug;
		};
		C912E9A42B12118300438C16 /* Release */ = {
			isa = XCBuildConfiguration;
			buildSettings = {
				ALWAYS_SEARCH_USER_PATHS = NO;
				ASSETCATALOG_COMPILER_GENERATE_SWIFT_ASSET_SYMBOL_EXTENSIONS = YES;
				CLANG_ANALYZER_NONNULL = YES;
				CLANG_ANALYZER_NUMBER_OBJECT_CONVERSION = YES_AGGRESSIVE;
				CLANG_CXX_LANGUAGE_STANDARD = "gnu++20";
				CLANG_ENABLE_MODULES = YES;
				CLANG_ENABLE_OBJC_ARC = YES;
				CLANG_ENABLE_OBJC_WEAK = YES;
				CLANG_WARN_BLOCK_CAPTURE_AUTORELEASING = YES;
				CLANG_WARN_BOOL_CONVERSION = YES;
				CLANG_WARN_COMMA = YES;
				CLANG_WARN_CONSTANT_CONVERSION = YES;
				CLANG_WARN_DEPRECATED_OBJC_IMPLEMENTATIONS = YES;
				CLANG_WARN_DIRECT_OBJC_ISA_USAGE = YES_ERROR;
				CLANG_WARN_DOCUMENTATION_COMMENTS = YES;
				CLANG_WARN_EMPTY_BODY = YES;
				CLANG_WARN_ENUM_CONVERSION = YES;
				CLANG_WARN_INFINITE_RECURSION = YES;
				CLANG_WARN_INT_CONVERSION = YES;
				CLANG_WARN_NON_LITERAL_NULL_CONVERSION = YES;
				CLANG_WARN_OBJC_IMPLICIT_RETAIN_SELF = YES;
				CLANG_WARN_OBJC_LITERAL_CONVERSION = YES;
				CLANG_WARN_OBJC_ROOT_CLASS = YES_ERROR;
				CLANG_WARN_QUOTED_INCLUDE_IN_FRAMEWORK_HEADER = YES;
				CLANG_WARN_RANGE_LOOP_ANALYSIS = YES;
				CLANG_WARN_STRICT_PROTOTYPES = YES;
				CLANG_WARN_SUSPICIOUS_MOVE = YES;
				CLANG_WARN_UNGUARDED_AVAILABILITY = YES_AGGRESSIVE;
				CLANG_WARN_UNREACHABLE_CODE = YES;
				CLANG_WARN__DUPLICATE_METHOD_MATCH = YES;
				COPY_PHASE_STRIP = NO;
				DEBUG_INFORMATION_FORMAT = "dwarf-with-dsym";
				ENABLE_NS_ASSERTIONS = NO;
				ENABLE_STRICT_OBJC_MSGSEND = YES;
				ENABLE_USER_SCRIPT_SANDBOXING = YES;
				GCC_C_LANGUAGE_STANDARD = gnu17;
				GCC_NO_COMMON_BLOCKS = YES;
				GCC_WARN_64_TO_32_BIT_CONVERSION = YES;
				GCC_WARN_ABOUT_RETURN_TYPE = YES_ERROR;
				GCC_WARN_UNDECLARED_SELECTOR = YES;
				GCC_WARN_UNINITIALIZED_AUTOS = YES_AGGRESSIVE;
				GCC_WARN_UNUSED_FUNCTION = YES;
				GCC_WARN_UNUSED_VARIABLE = YES;
				IPHONEOS_DEPLOYMENT_TARGET = 17.0;
				LOCALIZATION_PREFERS_STRING_CATALOGS = YES;
				MTL_ENABLE_DEBUG_INFO = NO;
				MTL_FAST_MATH = YES;
				SDKROOT = iphoneos;
				SWIFT_COMPILATION_MODE = wholemodule;
				VALIDATE_PRODUCT = YES;
			};
			name = Release;
		};
		C912E9A62B12118300438C16 /* Debug */ = {
			isa = XCBuildConfiguration;
			buildSettings = {
				ASSETCATALOG_COMPILER_APPICON_NAME = AppIcon;
				ASSETCATALOG_COMPILER_GLOBAL_ACCENT_COLOR_NAME = AccentColor;
				CODE_SIGN_STYLE = Automatic;
				CURRENT_PROJECT_VERSION = 1;
				DEVELOPMENT_ASSET_PATHS = "\"UsersAppSwiftUI/Preview Content\"";
				ENABLE_PREVIEWS = YES;
				GENERATE_INFOPLIST_FILE = YES;
				INFOPLIST_KEY_UIApplicationSceneManifest_Generation = YES;
				INFOPLIST_KEY_UIApplicationSupportsIndirectInputEvents = YES;
				INFOPLIST_KEY_UILaunchScreen_Generation = YES;
				INFOPLIST_KEY_UISupportedInterfaceOrientations_iPad = "UIInterfaceOrientationPortrait UIInterfaceOrientationPortraitUpsideDown UIInterfaceOrientationLandscapeLeft UIInterfaceOrientationLandscapeRight";
				INFOPLIST_KEY_UISupportedInterfaceOrientations_iPhone = "UIInterfaceOrientationPortrait UIInterfaceOrientationLandscapeLeft UIInterfaceOrientationLandscapeRight";
				LD_RUNPATH_SEARCH_PATHS = (
					"$(inherited)",
					"@executable_path/Frameworks",
				);
				MARKETING_VERSION = 1.0;
				PRODUCT_BUNDLE_IDENTIFIER = ED.UsersAppSwiftUI;
				PRODUCT_NAME = "$(TARGET_NAME)";
				SWIFT_EMIT_LOC_STRINGS = YES;
				SWIFT_VERSION = 5.0;
				TARGETED_DEVICE_FAMILY = "1,2";
			};
			name = Debug;
		};
		C912E9A72B12118300438C16 /* Release */ = {
			isa = XCBuildConfiguration;
			buildSettings = {
				ASSETCATALOG_COMPILER_APPICON_NAME = AppIcon;
				ASSETCATALOG_COMPILER_GLOBAL_ACCENT_COLOR_NAME = AccentColor;
				CODE_SIGN_STYLE = Automatic;
				CURRENT_PROJECT_VERSION = 1;
				DEVELOPMENT_ASSET_PATHS = "\"UsersAppSwiftUI/Preview Content\"";
				ENABLE_PREVIEWS = YES;
				GENERATE_INFOPLIST_FILE = YES;
				INFOPLIST_KEY_UIApplicationSceneManifest_Generation = YES;
				INFOPLIST_KEY_UIApplicationSupportsIndirectInputEvents = YES;
				INFOPLIST_KEY_UILaunchScreen_Generation = YES;
				INFOPLIST_KEY_UISupportedInterfaceOrientations_iPad = "UIInterfaceOrientationPortrait UIInterfaceOrientationPortraitUpsideDown UIInterfaceOrientationLandscapeLeft UIInterfaceOrientationLandscapeRight";
				INFOPLIST_KEY_UISupportedInterfaceOrientations_iPhone = "UIInterfaceOrientationPortrait UIInterfaceOrientationLandscapeLeft UIInterfaceOrientationLandscapeRight";
				LD_RUNPATH_SEARCH_PATHS = (
					"$(inherited)",
					"@executable_path/Frameworks",
				);
				MARKETING_VERSION = 1.0;
				PRODUCT_BUNDLE_IDENTIFIER = ED.UsersAppSwiftUI;
				PRODUCT_NAME = "$(TARGET_NAME)";
				SWIFT_EMIT_LOC_STRINGS = YES;
				SWIFT_VERSION = 5.0;
				TARGETED_DEVICE_FAMILY = "1,2";
			};
			name = Release;
		};
		C9D5C21A2B4199380002862A /* Debug */ = {
			isa = XCBuildConfiguration;
			buildSettings = {
				BUNDLE_LOADER = "$(TEST_HOST)";
				CODE_SIGN_STYLE = Automatic;
				CURRENT_PROJECT_VERSION = 1;
				GENERATE_INFOPLIST_FILE = YES;
				MARKETING_VERSION = 1.0;
				PRODUCT_BUNDLE_IDENTIFIER = ED.UsersAppSwiftUITests;
				PRODUCT_NAME = "$(TARGET_NAME)";
				SWIFT_EMIT_LOC_STRINGS = NO;
				SWIFT_VERSION = 5.0;
				TARGETED_DEVICE_FAMILY = "1,2";
				TEST_HOST = "$(BUILT_PRODUCTS_DIR)/UsersAppSwiftUI.app/$(BUNDLE_EXECUTABLE_FOLDER_PATH)/UsersAppSwiftUI";
			};
			name = Debug;
		};
		C9D5C21B2B4199380002862A /* Release */ = {
			isa = XCBuildConfiguration;
			buildSettings = {
				BUNDLE_LOADER = "$(TEST_HOST)";
				CODE_SIGN_STYLE = Automatic;
				CURRENT_PROJECT_VERSION = 1;
				GENERATE_INFOPLIST_FILE = YES;
				MARKETING_VERSION = 1.0;
				PRODUCT_BUNDLE_IDENTIFIER = ED.UsersAppSwiftUITests;
				PRODUCT_NAME = "$(TARGET_NAME)";
				SWIFT_EMIT_LOC_STRINGS = NO;
				SWIFT_VERSION = 5.0;
				TARGETED_DEVICE_FAMILY = "1,2";
				TEST_HOST = "$(BUILT_PRODUCTS_DIR)/UsersAppSwiftUI.app/$(BUNDLE_EXECUTABLE_FOLDER_PATH)/UsersAppSwiftUI";
			};
			name = Release;
		};
		C9D5C25C2B4700410002862A /* Debug */ = {
			isa = XCBuildConfiguration;
			buildSettings = {
				CODE_SIGN_STYLE = Automatic;
				CURRENT_PROJECT_VERSION = 1;
				GENERATE_INFOPLIST_FILE = YES;
				MARKETING_VERSION = 1.0;
				PRODUCT_BUNDLE_IDENTIFIER = "ED.UsersAppSwiftUI-UITests";
				PRODUCT_NAME = "$(TARGET_NAME)";
				SWIFT_EMIT_LOC_STRINGS = NO;
				SWIFT_VERSION = 5.0;
				TARGETED_DEVICE_FAMILY = "1,2";
				TEST_TARGET_NAME = UsersAppSwiftUI;
			};
			name = Debug;
		};
		C9D5C25D2B4700410002862A /* Release */ = {
			isa = XCBuildConfiguration;
			buildSettings = {
				CODE_SIGN_STYLE = Automatic;
				CURRENT_PROJECT_VERSION = 1;
				GENERATE_INFOPLIST_FILE = YES;
				MARKETING_VERSION = 1.0;
				PRODUCT_BUNDLE_IDENTIFIER = "ED.UsersAppSwiftUI-UITests";
				PRODUCT_NAME = "$(TARGET_NAME)";
				SWIFT_EMIT_LOC_STRINGS = NO;
				SWIFT_VERSION = 5.0;
				TARGETED_DEVICE_FAMILY = "1,2";
				TEST_TARGET_NAME = UsersAppSwiftUI;
			};
			name = Release;
		};
/* End XCBuildConfiguration section */

/* Begin XCConfigurationList section */
		C912E9922B12118100438C16 /* Build configuration list for PBXProject "UsersAppSwiftUI" */ = {
			isa = XCConfigurationList;
			buildConfigurations = (
				C912E9A32B12118300438C16 /* Debug */,
				C912E9A42B12118300438C16 /* Release */,
			);
			defaultConfigurationIsVisible = 0;
			defaultConfigurationName = Release;
		};
		C912E9A52B12118300438C16 /* Build configuration list for PBXNativeTarget "UsersAppSwiftUI" */ = {
			isa = XCConfigurationList;
			buildConfigurations = (
				C912E9A62B12118300438C16 /* Debug */,
				C912E9A72B12118300438C16 /* Release */,
			);
			defaultConfigurationIsVisible = 0;
			defaultConfigurationName = Release;
		};
		C9D5C2192B4199380002862A /* Build configuration list for PBXNativeTarget "UsersAppSwiftUITests" */ = {
			isa = XCConfigurationList;
			buildConfigurations = (
				C9D5C21A2B4199380002862A /* Debug */,
				C9D5C21B2B4199380002862A /* Release */,
			);
			defaultConfigurationIsVisible = 0;
			defaultConfigurationName = Release;
		};
		C9D5C25B2B4700410002862A /* Build configuration list for PBXNativeTarget "UsersAppSwiftUI_UITests" */ = {
			isa = XCConfigurationList;
			buildConfigurations = (
				C9D5C25C2B4700410002862A /* Debug */,
				C9D5C25D2B4700410002862A /* Release */,
			);
			defaultConfigurationIsVisible = 0;
			defaultConfigurationName = Release;
		};
/* End XCConfigurationList section */
	};
	rootObject = C912E98F2B12118100438C16 /* Project object */;
}
